// !$*UTF8*$!
{
	archiveVersion = 1;
	classes = {
	};
	objectVersion = 55;
	objects = {

/* Begin PBXBuildFile section */
		0351C4B82769B98C00025E14 /* AppDelegate.swift in Sources */ = {isa = PBXBuildFile; fileRef = 0351C4B72769B98C00025E14 /* AppDelegate.swift */; };
		0351C4BA2769B98C00025E14 /* SceneDelegate.swift in Sources */ = {isa = PBXBuildFile; fileRef = 0351C4B92769B98C00025E14 /* SceneDelegate.swift */; };
		0351C4BC2769B98C00025E14 /* ViewController.swift in Sources */ = {isa = PBXBuildFile; fileRef = 0351C4BB2769B98C00025E14 /* ViewController.swift */; };
		0351C4BF2769B98C00025E14 /* Main.storyboard in Resources */ = {isa = PBXBuildFile; fileRef = 0351C4BD2769B98C00025E14 /* Main.storyboard */; };
		0351C4C12769B98D00025E14 /* Assets.xcassets in Resources */ = {isa = PBXBuildFile; fileRef = 0351C4C02769B98D00025E14 /* Assets.xcassets */; };
		0351C4C42769B98D00025E14 /* LaunchScreen.storyboard in Resources */ = {isa = PBXBuildFile; fileRef = 0351C4C22769B98D00025E14 /* LaunchScreen.storyboard */; };
		0351C4CD2769B9E000025E14 /* StreamChat in Frameworks */ = {isa = PBXBuildFile; productRef = 0351C4CC2769B9E000025E14 /* StreamChat */; };
		0351C4CF2769B9E000025E14 /* StreamChatUI in Frameworks */ = {isa = PBXBuildFile; productRef = 0351C4CE2769B9E000025E14 /* StreamChatUI */; };
		0351C4D22769DB1900025E14 /* Stipop in Frameworks */ = {isa = PBXBuildFile; productRef = 0351C4D12769DB1900025E14 /* Stipop */; };
		0351C4D42769DB7600025E14 /* Stipop.plist in Resources */ = {isa = PBXBuildFile; fileRef = 0351C4D32769DB7600025E14 /* Stipop.plist */; };
		0351C4D7276ADB9B00025E14 /* StipopAttachmentPayload.swift in Sources */ = {isa = PBXBuildFile; fileRef = 0351C4D6276ADB9B00025E14 /* StipopAttachmentPayload.swift */; };
		0351C4D9276ADBDD00025E14 /* StipopStickerAttachmentView.swift in Sources */ = {isa = PBXBuildFile; fileRef = 0351C4D8276ADBDD00025E14 /* StipopStickerAttachmentView.swift */; };
		0351C4DB276ADC0900025E14 /* StipopAttachmentViewInjector.swift in Sources */ = {isa = PBXBuildFile; fileRef = 0351C4DA276ADC0900025E14 /* StipopAttachmentViewInjector.swift */; };
		0351C4DD276ADD7E00025E14 /* StipopAttachmentViewCatalog.swift in Sources */ = {isa = PBXBuildFile; fileRef = 0351C4DC276ADD7E00025E14 /* StipopAttachmentViewCatalog.swift */; };
/* End PBXBuildFile section */

/* Begin PBXFileReference section */
		0351C4B42769B98C00025E14 /* GetstreamTest.app */ = {isa = PBXFileReference; explicitFileType = wrapper.application; includeInIndex = 0; path = GetstreamTest.app; sourceTree = BUILT_PRODUCTS_DIR; };
		0351C4B72769B98C00025E14 /* AppDelegate.swift */ = {isa = PBXFileReference; lastKnownFileType = sourcecode.swift; path = AppDelegate.swift; sourceTree = "<group>"; };
		0351C4B92769B98C00025E14 /* SceneDelegate.swift */ = {isa = PBXFileReference; lastKnownFileType = sourcecode.swift; path = SceneDelegate.swift; sourceTree = "<group>"; };
		0351C4BB2769B98C00025E14 /* ViewController.swift */ = {isa = PBXFileReference; lastKnownFileType = sourcecode.swift; path = ViewController.swift; sourceTree = "<group>"; };
		0351C4BE2769B98C00025E14 /* Base */ = {isa = PBXFileReference; lastKnownFileType = file.storyboard; name = Base; path = Base.lproj/Main.storyboard; sourceTree = "<group>"; };
		0351C4C02769B98D00025E14 /* Assets.xcassets */ = {isa = PBXFileReference; lastKnownFileType = folder.assetcatalog; path = Assets.xcassets; sourceTree = "<group>"; };
		0351C4C32769B98D00025E14 /* Base */ = {isa = PBXFileReference; lastKnownFileType = file.storyboard; name = Base; path = Base.lproj/LaunchScreen.storyboard; sourceTree = "<group>"; };
		0351C4C52769B98D00025E14 /* Info.plist */ = {isa = PBXFileReference; lastKnownFileType = text.plist.xml; path = Info.plist; sourceTree = "<group>"; };
		0351C4D32769DB7600025E14 /* Stipop.plist */ = {isa = PBXFileReference; fileEncoding = 4; lastKnownFileType = text.plist.xml; path = Stipop.plist; sourceTree = "<group>"; };
		0351C4D6276ADB9B00025E14 /* StipopAttachmentPayload.swift */ = {isa = PBXFileReference; lastKnownFileType = sourcecode.swift; path = StipopAttachmentPayload.swift; sourceTree = "<group>"; };
		0351C4D8276ADBDD00025E14 /* StipopStickerAttachmentView.swift */ = {isa = PBXFileReference; lastKnownFileType = sourcecode.swift; path = StipopStickerAttachmentView.swift; sourceTree = "<group>"; };
		0351C4DA276ADC0900025E14 /* StipopAttachmentViewInjector.swift */ = {isa = PBXFileReference; lastKnownFileType = sourcecode.swift; path = StipopAttachmentViewInjector.swift; sourceTree = "<group>"; };
		0351C4DC276ADD7E00025E14 /* StipopAttachmentViewCatalog.swift */ = {isa = PBXFileReference; lastKnownFileType = sourcecode.swift; path = StipopAttachmentViewCatalog.swift; sourceTree = "<group>"; };
/* End PBXFileReference section */

/* Begin PBXFrameworksBuildPhase section */
		0351C4B12769B98C00025E14 /* Frameworks */ = {
			isa = PBXFrameworksBuildPhase;
			buildActionMask = 2147483647;
			files = (
				0351C4CF2769B9E000025E14 /* StreamChatUI in Frameworks */,
				0351C4D22769DB1900025E14 /* Stipop in Frameworks */,
				0351C4CD2769B9E000025E14 /* StreamChat in Frameworks */,
			);
			runOnlyForDeploymentPostprocessing = 0;
		};
/* End PBXFrameworksBuildPhase section */

/* Begin PBXGroup section */
		0351C4AB2769B98C00025E14 = {
			isa = PBXGroup;
			children = (
				0351C4B62769B98C00025E14 /* GetstreamTest */,
				0351C4B52769B98C00025E14 /* Products */,
			);
			sourceTree = "<group>";
		};
		0351C4B52769B98C00025E14 /* Products */ = {
			isa = PBXGroup;
			children = (
				0351C4B42769B98C00025E14 /* GetstreamTest.app */,
			);
			name = Products;
			sourceTree = "<group>";
		};
		0351C4B62769B98C00025E14 /* GetstreamTest */ = {
			isa = PBXGroup;
			children = (
				0351C4B72769B98C00025E14 /* AppDelegate.swift */,
				0351C4B92769B98C00025E14 /* SceneDelegate.swift */,
				0351C4BB2769B98C00025E14 /* ViewController.swift */,
				0351C4D5276ADB8C00025E14 /* StipopCustom */,
				0351C4BD2769B98C00025E14 /* Main.storyboard */,
				0351C4C02769B98D00025E14 /* Assets.xcassets */,
				0351C4C22769B98D00025E14 /* LaunchScreen.storyboard */,
				0351C4C52769B98D00025E14 /* Info.plist */,
				0351C4D32769DB7600025E14 /* Stipop.plist */,
			);
			path = GetstreamTest;
			sourceTree = "<group>";
		};
		0351C4D5276ADB8C00025E14 /* StipopCustom */ = {
			isa = PBXGroup;
			children = (
				0351C4DC276ADD7E00025E14 /* StipopAttachmentViewCatalog.swift */,
				0351C4D6276ADB9B00025E14 /* StipopAttachmentPayload.swift */,
				0351C4D8276ADBDD00025E14 /* StipopStickerAttachmentView.swift */,
				0351C4DA276ADC0900025E14 /* StipopAttachmentViewInjector.swift */,
			);
			path = StipopCustom;
			sourceTree = "<group>";
		};
/* End PBXGroup section */

/* Begin PBXNativeTarget section */
		0351C4B32769B98C00025E14 /* GetstreamTest */ = {
			isa = PBXNativeTarget;
			buildConfigurationList = 0351C4C82769B98D00025E14 /* Build configuration list for PBXNativeTarget "GetstreamTest" */;
			buildPhases = (
				0351C4B02769B98C00025E14 /* Sources */,
				0351C4B12769B98C00025E14 /* Frameworks */,
				0351C4B22769B98C00025E14 /* Resources */,
			);
			buildRules = (
			);
			dependencies = (
			);
			name = GetstreamTest;
			packageProductDependencies = (
				0351C4CC2769B9E000025E14 /* StreamChat */,
				0351C4CE2769B9E000025E14 /* StreamChatUI */,
				0351C4D12769DB1900025E14 /* Stipop */,
			);
			productName = GetstreamTest;
			productReference = 0351C4B42769B98C00025E14 /* GetstreamTest.app */;
			productType = "com.apple.product-type.application";
		};
/* End PBXNativeTarget section */

/* Begin PBXProject section */
		0351C4AC2769B98C00025E14 /* Project object */ = {
			isa = PBXProject;
			attributes = {
				BuildIndependentTargetsInParallel = 1;
				LastSwiftUpdateCheck = 1310;
				LastUpgradeCheck = 1310;
				TargetAttributes = {
					0351C4B32769B98C00025E14 = {
						CreatedOnToolsVersion = 13.1;
					};
				};
			};
			buildConfigurationList = 0351C4AF2769B98C00025E14 /* Build configuration list for PBXProject "GetstreamTest" */;
			compatibilityVersion = "Xcode 13.0";
			developmentRegion = en;
			hasScannedForEncodings = 0;
			knownRegions = (
				en,
				Base,
			);
			mainGroup = 0351C4AB2769B98C00025E14;
			packageReferences = (
				0351C4CB2769B9E000025E14 /* XCRemoteSwiftPackageReference "stream-chat-swift" */,
				0351C4D02769DB1800025E14 /* XCRemoteSwiftPackageReference "stipop-ios-sdk" */,
			);
			productRefGroup = 0351C4B52769B98C00025E14 /* Products */;
			projectDirPath = "";
			projectRoot = "";
			targets = (
				0351C4B32769B98C00025E14 /* GetstreamTest */,
			);
		};
/* End PBXProject section */

/* Begin PBXResourcesBuildPhase section */
		0351C4B22769B98C00025E14 /* Resources */ = {
			isa = PBXResourcesBuildPhase;
			buildActionMask = 2147483647;
			files = (
				0351C4C42769B98D00025E14 /* LaunchScreen.storyboard in Resources */,
				0351C4D42769DB7600025E14 /* Stipop.plist in Resources */,
				0351C4C12769B98D00025E14 /* Assets.xcassets in Resources */,
				0351C4BF2769B98C00025E14 /* Main.storyboard in Resources */,
			);
			runOnlyForDeploymentPostprocessing = 0;
		};
/* End PBXResourcesBuildPhase section */

/* Begin PBXSourcesBuildPhase section */
		0351C4B02769B98C00025E14 /* Sources */ = {
			isa = PBXSourcesBuildPhase;
			buildActionMask = 2147483647;
			files = (
				0351C4DB276ADC0900025E14 /* StipopAttachmentViewInjector.swift in Sources */,
				0351C4DD276ADD7E00025E14 /* StipopAttachmentViewCatalog.swift in Sources */,
				0351C4D9276ADBDD00025E14 /* StipopStickerAttachmentView.swift in Sources */,
				0351C4BC2769B98C00025E14 /* ViewController.swift in Sources */,
				0351C4B82769B98C00025E14 /* AppDelegate.swift in Sources */,
				0351C4D7276ADB9B00025E14 /* StipopAttachmentPayload.swift in Sources */,
				0351C4BA2769B98C00025E14 /* SceneDelegate.swift in Sources */,
			);
			runOnlyForDeploymentPostprocessing = 0;
		};
/* End PBXSourcesBuildPhase section */

/* Begin PBXVariantGroup section */
		0351C4BD2769B98C00025E14 /* Main.storyboard */ = {
			isa = PBXVariantGroup;
			children = (
				0351C4BE2769B98C00025E14 /* Base */,
			);
			name = Main.storyboard;
			sourceTree = "<group>";
		};
		0351C4C22769B98D00025E14 /* LaunchScreen.storyboard */ = {
			isa = PBXVariantGroup;
			children = (
				0351C4C32769B98D00025E14 /* Base */,
			);
			name = LaunchScreen.storyboard;
			sourceTree = "<group>";
		};
/* End PBXVariantGroup section */

/* Begin XCBuildConfiguration section */
		0351C4C62769B98D00025E14 /* Debug */ = {
			isa = XCBuildConfiguration;
			buildSettings = {
				ALWAYS_SEARCH_USER_PATHS = NO;
				CLANG_ANALYZER_NONNULL = YES;
				CLANG_ANALYZER_NUMBER_OBJECT_CONVERSION = YES_AGGRESSIVE;
				CLANG_CXX_LANGUAGE_STANDARD = "gnu++17";
				CLANG_CXX_LIBRARY = "libc++";
				CLANG_ENABLE_MODULES = YES;
				CLANG_ENABLE_OBJC_ARC = YES;
				CLANG_ENABLE_OBJC_WEAK = YES;
				CLANG_WARN_BLOCK_CAPTURE_AUTORELEASING = YES;
				CLANG_WARN_BOOL_CONVERSION = YES;
				CLANG_WARN_COMMA = YES;
				CLANG_WARN_CONSTANT_CONVERSION = YES;
				CLANG_WARN_DEPRECATED_OBJC_IMPLEMENTATIONS = YES;
				CLANG_WARN_DIRECT_OBJC_ISA_USAGE = YES_ERROR;
				CLANG_WARN_DOCUMENTATION_COMMENTS = YES;
				CLANG_WARN_EMPTY_BODY = YES;
				CLANG_WARN_ENUM_CONVERSION = YES;
				CLANG_WARN_INFINITE_RECURSION = YES;
				CLANG_WARN_INT_CONVERSION = YES;
				CLANG_WARN_NON_LITERAL_NULL_CONVERSION = YES;
				CLANG_WARN_OBJC_IMPLICIT_RETAIN_SELF = YES;
				CLANG_WARN_OBJC_LITERAL_CONVERSION = YES;
				CLANG_WARN_OBJC_ROOT_CLASS = YES_ERROR;
				CLANG_WARN_QUOTED_INCLUDE_IN_FRAMEWORK_HEADER = YES;
				CLANG_WARN_RANGE_LOOP_ANALYSIS = YES;
				CLANG_WARN_STRICT_PROTOTYPES = YES;
				CLANG_WARN_SUSPICIOUS_MOVE = YES;
				CLANG_WARN_UNGUARDED_AVAILABILITY = YES_AGGRESSIVE;
				CLANG_WARN_UNREACHABLE_CODE = YES;
				CLANG_WARN__DUPLICATE_METHOD_MATCH = YES;
				COPY_PHASE_STRIP = NO;
				DEBUG_INFORMATION_FORMAT = dwarf;
				ENABLE_STRICT_OBJC_MSGSEND = YES;
				ENABLE_TESTABILITY = YES;
				GCC_C_LANGUAGE_STANDARD = gnu11;
				GCC_DYNAMIC_NO_PIC = NO;
				GCC_NO_COMMON_BLOCKS = YES;
				GCC_OPTIMIZATION_LEVEL = 0;
				GCC_PREPROCESSOR_DEFINITIONS = (
					"DEBUG=1",
					"$(inherited)",
				);
				GCC_WARN_64_TO_32_BIT_CONVERSION = YES;
				GCC_WARN_ABOUT_RETURN_TYPE = YES_ERROR;
				GCC_WARN_UNDECLARED_SELECTOR = YES;
				GCC_WARN_UNINITIALIZED_AUTOS = YES_AGGRESSIVE;
				GCC_WARN_UNUSED_FUNCTION = YES;
				GCC_WARN_UNUSED_VARIABLE = YES;
				IPHONEOS_DEPLOYMENT_TARGET = 14.0;
				MTL_ENABLE_DEBUG_INFO = INCLUDE_SOURCE;
				MTL_FAST_MATH = YES;
				ONLY_ACTIVE_ARCH = YES;
				SDKROOT = iphoneos;
				SWIFT_ACTIVE_COMPILATION_CONDITIONS = DEBUG;
				SWIFT_OPTIMIZATION_LEVEL = "-Onone";
			};
			name = Debug;
		};
		0351C4C72769B98D00025E14 /* Release */ = {
			isa = XCBuildConfiguration;
			buildSettings = {
				ALWAYS_SEARCH_USER_PATHS = NO;
				CLANG_ANALYZER_NONNULL = YES;
				CLANG_ANALYZER_NUMBER_OBJECT_CONVERSION = YES_AGGRESSIVE;
				CLANG_CXX_LANGUAGE_STANDARD = "gnu++17";
				CLANG_CXX_LIBRARY = "libc++";
				CLANG_ENABLE_MODULES = YES;
				CLANG_ENABLE_OBJC_ARC = YES;
				CLANG_ENABLE_OBJC_WEAK = YES;
				CLANG_WARN_BLOCK_CAPTURE_AUTORELEASING = YES;
				CLANG_WARN_BOOL_CONVERSION = YES;
				CLANG_WARN_COMMA = YES;
				CLANG_WARN_CONSTANT_CONVERSION = YES;
				CLANG_WARN_DEPRECATED_OBJC_IMPLEMENTATIONS = YES;
				CLANG_WARN_DIRECT_OBJC_ISA_USAGE = YES_ERROR;
				CLANG_WARN_DOCUMENTATION_COMMENTS = YES;
				CLANG_WARN_EMPTY_BODY = YES;
				CLANG_WARN_ENUM_CONVERSION = YES;
				CLANG_WARN_INFINITE_RECURSION = YES;
				CLANG_WARN_INT_CONVERSION = YES;
				CLANG_WARN_NON_LITERAL_NULL_CONVERSION = YES;
				CLANG_WARN_OBJC_IMPLICIT_RETAIN_SELF = YES;
				CLANG_WARN_OBJC_LITERAL_CONVERSION = YES;
				CLANG_WARN_OBJC_ROOT_CLASS = YES_ERROR;
				CLANG_WARN_QUOTED_INCLUDE_IN_FRAMEWORK_HEADER = YES;
				CLANG_WARN_RANGE_LOOP_ANALYSIS = YES;
				CLANG_WARN_STRICT_PROTOTYPES = YES;
				CLANG_WARN_SUSPICIOUS_MOVE = YES;
				CLANG_WARN_UNGUARDED_AVAILABILITY = YES_AGGRESSIVE;
				CLANG_WARN_UNREACHABLE_CODE = YES;
				CLANG_WARN__DUPLICATE_METHOD_MATCH = YES;
				COPY_PHASE_STRIP = NO;
				DEBUG_INFORMATION_FORMAT = "dwarf-with-dsym";
				ENABLE_NS_ASSERTIONS = NO;
				ENABLE_STRICT_OBJC_MSGSEND = YES;
				GCC_C_LANGUAGE_STANDARD = gnu11;
				GCC_NO_COMMON_BLOCKS = YES;
				GCC_WARN_64_TO_32_BIT_CONVERSION = YES;
				GCC_WARN_ABOUT_RETURN_TYPE = YES_ERROR;
				GCC_WARN_UNDECLARED_SELECTOR = YES;
				GCC_WARN_UNINITIALIZED_AUTOS = YES_AGGRESSIVE;
				GCC_WARN_UNUSED_FUNCTION = YES;
				GCC_WARN_UNUSED_VARIABLE = YES;
				IPHONEOS_DEPLOYMENT_TARGET = 14.0;
				MTL_ENABLE_DEBUG_INFO = NO;
				MTL_FAST_MATH = YES;
				SDKROOT = iphoneos;
				SWIFT_COMPILATION_MODE = wholemodule;
				SWIFT_OPTIMIZATION_LEVEL = "-O";
				VALIDATE_PRODUCT = YES;
			};
			name = Release;
		};
		0351C4C92769B98D00025E14 /* Debug */ = {
			isa = XCBuildConfiguration;
			buildSettings = {
				ASSETCATALOG_COMPILER_APPICON_NAME = AppIcon;
				ASSETCATALOG_COMPILER_GLOBAL_ACCENT_COLOR_NAME = AccentColor;
				CODE_SIGN_STYLE = Automatic;
				CURRENT_PROJECT_VERSION = 1;
				DEVELOPMENT_TEAM = "";
				GENERATE_INFOPLIST_FILE = YES;
				INFOPLIST_FILE = GetstreamTest/Info.plist;
				INFOPLIST_KEY_UIApplicationSupportsIndirectInputEvents = YES;
				INFOPLIST_KEY_UILaunchStoryboardName = LaunchScreen;
				INFOPLIST_KEY_UIMainStoryboardFile = Main;
				INFOPLIST_KEY_UISupportedInterfaceOrientations_iPad = "UIInterfaceOrientationPortrait UIInterfaceOrientationPortraitUpsideDown UIInterfaceOrientationLandscapeLeft UIInterfaceOrientationLandscapeRight";
				INFOPLIST_KEY_UISupportedInterfaceOrientations_iPhone = "UIInterfaceOrientationPortrait UIInterfaceOrientationLandscapeLeft UIInterfaceOrientationLandscapeRight";
				LD_RUNPATH_SEARCH_PATHS = (
					"$(inherited)",
					"@executable_path/Frameworks",
				);
				MARKETING_VERSION = 1.0;
				PRODUCT_BUNDLE_IDENTIFIER = "com.harrison-ahn.GetstreamTest";
				PRODUCT_NAME = "$(TARGET_NAME)";
				SWIFT_EMIT_LOC_STRINGS = YES;
				SWIFT_VERSION = 5.0;
				TARGETED_DEVICE_FAMILY = "1,2";
			};
			name = Debug;
		};
		0351C4CA2769B98D00025E14 /* Release */ = {
			isa = XCBuildConfiguration;
			buildSettings = {
				ASSETCATALOG_COMPILER_APPICON_NAME = AppIcon;
				ASSETCATALOG_COMPILER_GLOBAL_ACCENT_COLOR_NAME = AccentColor;
				CODE_SIGN_STYLE = Automatic;
				CURRENT_PROJECT_VERSION = 1;
				DEVELOPMENT_TEAM = "";
				GENERATE_INFOPLIST_FILE = YES;
				INFOPLIST_FILE = GetstreamTest/Info.plist;
				INFOPLIST_KEY_UIApplicationSupportsIndirectInputEvents = YES;
				INFOPLIST_KEY_UILaunchStoryboardName = LaunchScreen;
				INFOPLIST_KEY_UIMainStoryboardFile = Main;
				INFOPLIST_KEY_UISupportedInterfaceOrientations_iPad = "UIInterfaceOrientationPortrait UIInterfaceOrientationPortraitUpsideDown UIInterfaceOrientationLandscapeLeft UIInterfaceOrientationLandscapeRight";
				INFOPLIST_KEY_UISupportedInterfaceOrientations_iPhone = "UIInterfaceOrientationPortrait UIInterfaceOrientationLandscapeLeft UIInterfaceOrientationLandscapeRight";
				LD_RUNPATH_SEARCH_PATHS = (
					"$(inherited)",
					"@executable_path/Frameworks",
				);
				MARKETING_VERSION = 1.0;
				PRODUCT_BUNDLE_IDENTIFIER = "com.harrison-ahn.GetstreamTest";
				PRODUCT_NAME = "$(TARGET_NAME)";
				SWIFT_EMIT_LOC_STRINGS = YES;
				SWIFT_VERSION = 5.0;
				TARGETED_DEVICE_FAMILY = "1,2";
			};
			name = Release;
		};
/* End XCBuildConfiguration section */

/* Begin XCConfigurationList section */
		0351C4AF2769B98C00025E14 /* Build configuration list for PBXProject "GetstreamTest" */ = {
			isa = XCConfigurationList;
			buildConfigurations = (
				0351C4C62769B98D00025E14 /* Debug */,
				0351C4C72769B98D00025E14 /* Release */,
			);
			defaultConfigurationIsVisible = 0;
			defaultConfigurationName = Release;
		};
		0351C4C82769B98D00025E14 /* Build configuration list for PBXNativeTarget "GetstreamTest" */ = {
			isa = XCConfigurationList;
			buildConfigurations = (
				0351C4C92769B98D00025E14 /* Debug */,
				0351C4CA2769B98D00025E14 /* Release */,
			);
			defaultConfigurationIsVisible = 0;
			defaultConfigurationName = Release;
		};
/* End XCConfigurationList section */

/* Begin XCRemoteSwiftPackageReference section */
		0351C4CB2769B9E000025E14 /* XCRemoteSwiftPackageReference "stream-chat-swift" */ = {
			isa = XCRemoteSwiftPackageReference;
			repositoryURL = "https://github.com/getstream/stream-chat-swift";
			requirement = {
				kind = upToNextMajorVersion;
				minimumVersion = 4.0.0;
			};
		};
		0351C4D02769DB1800025E14 /* XCRemoteSwiftPackageReference "stipop-ios-sdk" */ = {
			isa = XCRemoteSwiftPackageReference;
			repositoryURL = "https://github.com/stipop-development/stipop-ios-sdk";
			requirement = {
				kind = upToNextMajorVersion;
				minimumVersion = 0.3.0;
			};
		};
/* End XCRemoteSwiftPackageReference section */

/* Begin XCSwiftPackageProductDependency section */
		0351C4CC2769B9E000025E14 /* StreamChat */ = {
			isa = XCSwiftPackageProductDependency;
			package = 0351C4CB2769B9E000025E14 /* XCRemoteSwiftPackageReference "stream-chat-swift" */;
			productName = StreamChat;
		};
		0351C4CE2769B9E000025E14 /* StreamChatUI */ = {
			isa = XCSwiftPackageProductDependency;
			package = 0351C4CB2769B9E000025E14 /* XCRemoteSwiftPackageReference "stream-chat-swift" */;
			productName = StreamChatUI;
		};
		0351C4D12769DB1900025E14 /* Stipop */ = {
			isa = XCSwiftPackageProductDependency;
			package = 0351C4D02769DB1800025E14 /* XCRemoteSwiftPackageReference "stipop-ios-sdk" */;
			productName = Stipop;
		};
/* End XCSwiftPackageProductDependency section */
	};
	rootObject = 0351C4AC2769B98C00025E14 /* Project object */;
}
